
Microsoft Visual Studio Solution File, Format Version 12.00
# Visual Studio Version 17
VisualStudioVersion = 17.3.32819.101
MinimumVisualStudioVersion = 10.0.40219.1
Project("{FAE04EC0-301F-11D3-BF4B-00C04F79EFBC}") = "EF_Relation101", "EF_Relation101\EF_Relation101.csproj", "{4F7C68C6-2BD3-4D8B-97BA-5FDAF9D04539}"
EndProject
Global
	GlobalSection(SolutionConfigurationPlatforms) = preSolution
		Debug|Any CPU = Debug|Any CPU
		Release|Any CPU = Release|Any CPU
	EndGlobalSection
	GlobalSection(ProjectConfigurationPlatforms) = postSolution
		{4F7C68C6-2BD3-4D8B-97BA-5FDAF9D04539}.Debug|Any CPU.ActiveCfg = Debug|Any CPU
		{4F7C68C6-2BD3-4D8B-97BA-5FDAF9D04539}.Debug|Any CPU.Build.0 = Debug|Any CPU
		{4F7C68C6-2BD3-4D8B-97BA-5FDAF9D04539}.Release|Any CPU.ActiveCfg = Release|Any CPU
		{4F7C68C6-2BD3-4D8B-97BA-5FDAF9D04539}.Release|Any CPU.Build.0 = Release|Any CPU
	EndGlobalSection
	GlobalSection(SolutionProperties) = preSolution
		HideSolutionNode = FALSE
	EndGlobalSection
	GlobalSection(ExtensibilityGlobals) = postSolution
		SolutionGuid = {9CBA85F9-ED88-4312-BEFC-65C370904D2F}
	EndGlobalSection
EndGlobal
