
Microsoft Visual Studio Solution File, Format Version 12.00
# Visual Studio Version 17
VisualStudioVersion = 17.3.32819.101
MinimumVisualStudioVersion = 10.0.40219.1
Project("{FAE04EC0-301F-11D3-BF4B-00C04F79EFBC}") = "KahveSipraisSimulasyonUI", "KahveSipraisSimulasyon\KahveSipraisSimulasyonUI.csproj", "{D6E4AA1F-DFF2-4722-A14F-973A508937BC}"
EndProject
Project("{FAE04EC0-301F-11D3-BF4B-00C04F79EFBC}") = "Entity", "CustomerEntity\Entity.csproj", "{938B7556-5A4D-4E37-BD28-0F3A40795705}"
EndProject
Project("{FAE04EC0-301F-11D3-BF4B-00C04F79EFBC}") = "BussinessLogic", "BussinessLogic\BussinessLogic.csproj", "{5B4F82A9-54EF-4A92-92A2-EE2B7B031B0B}"
EndProject
Project("{FAE04EC0-301F-11D3-BF4B-00C04F79EFBC}") = "DataAccess", "DataAccess\DataAccess.csproj", "{FF2ABADD-272F-45DD-88FF-43EC6C31A9EA}"
EndProject
Global
	GlobalSection(SolutionConfigurationPlatforms) = preSolution
		Debug|Any CPU = Debug|Any CPU
		Release|Any CPU = Release|Any CPU
	EndGlobalSection
	GlobalSection(ProjectConfigurationPlatforms) = postSolution
		{D6E4AA1F-DFF2-4722-A14F-973A508937BC}.Debug|Any CPU.ActiveCfg = Debug|Any CPU
		{D6E4AA1F-DFF2-4722-A14F-973A508937BC}.Debug|Any CPU.Build.0 = Debug|Any CPU
		{D6E4AA1F-DFF2-4722-A14F-973A508937BC}.Release|Any CPU.ActiveCfg = Release|Any CPU
		{D6E4AA1F-DFF2-4722-A14F-973A508937BC}.Release|Any CPU.Build.0 = Release|Any CPU
		{938B7556-5A4D-4E37-BD28-0F3A40795705}.Debug|Any CPU.ActiveCfg = Debug|Any CPU
		{938B7556-5A4D-4E37-BD28-0F3A40795705}.Debug|Any CPU.Build.0 = Debug|Any CPU
		{938B7556-5A4D-4E37-BD28-0F3A40795705}.Release|Any CPU.ActiveCfg = Release|Any CPU
		{938B7556-5A4D-4E37-BD28-0F3A40795705}.Release|Any CPU.Build.0 = Release|Any CPU
		{5B4F82A9-54EF-4A92-92A2-EE2B7B031B0B}.Debug|Any CPU.ActiveCfg = Debug|Any CPU
		{5B4F82A9-54EF-4A92-92A2-EE2B7B031B0B}.Debug|Any CPU.Build.0 = Debug|Any CPU
		{5B4F82A9-54EF-4A92-92A2-EE2B7B031B0B}.Release|Any CPU.ActiveCfg = Release|Any CPU
		{5B4F82A9-54EF-4A92-92A2-EE2B7B031B0B}.Release|Any CPU.Build.0 = Release|Any CPU
		{FF2ABADD-272F-45DD-88FF-43EC6C31A9EA}.Debug|Any CPU.ActiveCfg = Debug|Any CPU
		{FF2ABADD-272F-45DD-88FF-43EC6C31A9EA}.Debug|Any CPU.Build.0 = Debug|Any CPU
		{FF2ABADD-272F-45DD-88FF-43EC6C31A9EA}.Release|Any CPU.ActiveCfg = Release|Any CPU
		{FF2ABADD-272F-45DD-88FF-43EC6C31A9EA}.Release|Any CPU.Build.0 = Release|Any CPU
	EndGlobalSection
	GlobalSection(SolutionProperties) = preSolution
		HideSolutionNode = FALSE
	EndGlobalSection
	GlobalSection(ExtensibilityGlobals) = postSolution
		SolutionGuid = {DCD52811-6F38-4054-8845-77462EBEFA17}
	EndGlobalSection
EndGlobal
