
Microsoft Visual Studio Solution File, Format Version 12.00
# Visual Studio Version 17
VisualStudioVersion = 17.3.32819.101
MinimumVisualStudioVersion = 10.0.40219.1
Project("{FAE04EC0-301F-11D3-BF4B-00C04F79EFBC}") = "Mvc_RazorViewEngine", "Mvc_RazorViewEngine\Mvc_RazorViewEngine.csproj", "{B6CCF05D-A205-42C5-86FC-AD3E6F7BEB5B}"
EndProject
Global
	GlobalSection(SolutionConfigurationPlatforms) = preSolution
		Debug|Any CPU = Debug|Any CPU
		Release|Any CPU = Release|Any CPU
	EndGlobalSection
	GlobalSection(ProjectConfigurationPlatforms) = postSolution
		{B6CCF05D-A205-42C5-86FC-AD3E6F7BEB5B}.Debug|Any CPU.ActiveCfg = Debug|Any CPU
		{B6CCF05D-A205-42C5-86FC-AD3E6F7BEB5B}.Debug|Any CPU.Build.0 = Debug|Any CPU
		{B6CCF05D-A205-42C5-86FC-AD3E6F7BEB5B}.Release|Any CPU.ActiveCfg = Release|Any CPU
		{B6CCF05D-A205-42C5-86FC-AD3E6F7BEB5B}.Release|Any CPU.Build.0 = Release|Any CPU
	EndGlobalSection
	GlobalSection(SolutionProperties) = preSolution
		HideSolutionNode = FALSE
	EndGlobalSection
	GlobalSection(ExtensibilityGlobals) = postSolution
		SolutionGuid = {6C7014F3-750C-42F4-9E8E-45A26BCBA29C}
	EndGlobalSection
EndGlobal
