
Microsoft Visual Studio Solution File, Format Version 12.00
# Visual Studio Version 17
VisualStudioVersion = 17.5.33424.131
MinimumVisualStudioVersion = 10.0.40219.1
Project("{FAE04EC0-301F-11D3-BF4B-00C04F79EFBC}") = "AspNet_WebApi_Intro", "AspNet_WebApi_Intro\AspNet_WebApi_Intro.csproj", "{91EA7694-02F3-4567-A60F-5D50D19928C6}"
EndProject
Global
	GlobalSection(SolutionConfigurationPlatforms) = preSolution
		Debug|Any CPU = Debug|Any CPU
		Release|Any CPU = Release|Any CPU
	EndGlobalSection
	GlobalSection(ProjectConfigurationPlatforms) = postSolution
		{91EA7694-02F3-4567-A60F-5D50D19928C6}.Debug|Any CPU.ActiveCfg = Debug|Any CPU
		{91EA7694-02F3-4567-A60F-5D50D19928C6}.Debug|Any CPU.Build.0 = Debug|Any CPU
		{91EA7694-02F3-4567-A60F-5D50D19928C6}.Release|Any CPU.ActiveCfg = Release|Any CPU
		{91EA7694-02F3-4567-A60F-5D50D19928C6}.Release|Any CPU.Build.0 = Release|Any CPU
	EndGlobalSection
	GlobalSection(SolutionProperties) = preSolution
		HideSolutionNode = FALSE
	EndGlobalSection
	GlobalSection(ExtensibilityGlobals) = postSolution
		SolutionGuid = {871A025A-265F-4B26-9653-BE3C894E0081}
	EndGlobalSection
EndGlobal
