
Microsoft Visual Studio Solution File, Format Version 12.00
# Visual Studio Version 17
VisualStudioVersion = 17.3.32819.101
MinimumVisualStudioVersion = 10.0.40219.1
Project("{FAE04EC0-301F-11D3-BF4B-00C04F79EFBC}") = "AreaExample", "AreaExample\AreaExample.csproj", "{A8E305E5-29E5-4B7D-AF49-D25EE30BE0AF}"
EndProject
Global
	GlobalSection(SolutionConfigurationPlatforms) = preSolution
		Debug|Any CPU = Debug|Any CPU
		Release|Any CPU = Release|Any CPU
	EndGlobalSection
	GlobalSection(ProjectConfigurationPlatforms) = postSolution
		{A8E305E5-29E5-4B7D-AF49-D25EE30BE0AF}.Debug|Any CPU.ActiveCfg = Debug|Any CPU
		{A8E305E5-29E5-4B7D-AF49-D25EE30BE0AF}.Debug|Any CPU.Build.0 = Debug|Any CPU
		{A8E305E5-29E5-4B7D-AF49-D25EE30BE0AF}.Release|Any CPU.ActiveCfg = Release|Any CPU
		{A8E305E5-29E5-4B7D-AF49-D25EE30BE0AF}.Release|Any CPU.Build.0 = Release|Any CPU
	EndGlobalSection
	GlobalSection(SolutionProperties) = preSolution
		HideSolutionNode = FALSE
	EndGlobalSection
	GlobalSection(ExtensibilityGlobals) = postSolution
		SolutionGuid = {238DA62B-F1B9-4995-A149-00C0145DBC58}
	EndGlobalSection
EndGlobal
