
Microsoft Visual Studio Solution File, Format Version 12.00
# Visual Studio Version 17
VisualStudioVersion = 17.3.32819.101
MinimumVisualStudioVersion = 10.0.40219.1
Project("{FAE04EC0-301F-11D3-BF4B-00C04F79EFBC}") = "EF_Core_Change_Tracking", "EF_Core_Change_Tracking\EF_Core_Change_Tracking.csproj", "{60DBD390-4538-4BBB-AF9E-0D91D2D7F702}"
EndProject
Global
	GlobalSection(SolutionConfigurationPlatforms) = preSolution
		Debug|Any CPU = Debug|Any CPU
		Release|Any CPU = Release|Any CPU
	EndGlobalSection
	GlobalSection(ProjectConfigurationPlatforms) = postSolution
		{60DBD390-4538-4BBB-AF9E-0D91D2D7F702}.Debug|Any CPU.ActiveCfg = Debug|Any CPU
		{60DBD390-4538-4BBB-AF9E-0D91D2D7F702}.Debug|Any CPU.Build.0 = Debug|Any CPU
		{60DBD390-4538-4BBB-AF9E-0D91D2D7F702}.Release|Any CPU.ActiveCfg = Release|Any CPU
		{60DBD390-4538-4BBB-AF9E-0D91D2D7F702}.Release|Any CPU.Build.0 = Release|Any CPU
	EndGlobalSection
	GlobalSection(SolutionProperties) = preSolution
		HideSolutionNode = FALSE
	EndGlobalSection
	GlobalSection(ExtensibilityGlobals) = postSolution
		SolutionGuid = {FC71A162-B4AA-44A4-A43B-D30C8992760B}
	EndGlobalSection
EndGlobal
