
Microsoft Visual Studio Solution File, Format Version 12.00
# Visual Studio Version 17
VisualStudioVersion = 17.3.32819.101
MinimumVisualStudioVersion = 10.0.40219.1
Project("{FAE04EC0-301F-11D3-BF4B-00C04F79EFBC}") = "WebApplication3", "WebApplication3\WebApplication3.csproj", "{70DCC416-E1B6-4B0D-9B53-5A6A58AA791E}"
EndProject
Global
	GlobalSection(SolutionConfigurationPlatforms) = preSolution
		Debug|Any CPU = Debug|Any CPU
		Release|Any CPU = Release|Any CPU
	EndGlobalSection
	GlobalSection(ProjectConfigurationPlatforms) = postSolution
		{70DCC416-E1B6-4B0D-9B53-5A6A58AA791E}.Debug|Any CPU.ActiveCfg = Debug|Any CPU
		{70DCC416-E1B6-4B0D-9B53-5A6A58AA791E}.Debug|Any CPU.Build.0 = Debug|Any CPU
		{70DCC416-E1B6-4B0D-9B53-5A6A58AA791E}.Release|Any CPU.ActiveCfg = Release|Any CPU
		{70DCC416-E1B6-4B0D-9B53-5A6A58AA791E}.Release|Any CPU.Build.0 = Release|Any CPU
	EndGlobalSection
	GlobalSection(SolutionProperties) = preSolution
		HideSolutionNode = FALSE
	EndGlobalSection
	GlobalSection(ExtensibilityGlobals) = postSolution
		SolutionGuid = {9F8ACBC5-2F9A-4EF3-9959-533ECA36104A}
	EndGlobalSection
EndGlobal
