
Microsoft Visual Studio Solution File, Format Version 12.00
# Visual Studio Version 17
VisualStudioVersion = 17.3.32819.101
MinimumVisualStudioVersion = 10.0.40219.1
Project("{FAE04EC0-301F-11D3-BF4B-00C04F79EFBC}") = "02-WebAPIWithFakeData", "02-WebAPIWithFakeData\02-WebAPIWithFakeData.csproj", "{08F630C5-A57B-4648-893C-CC41B5439B85}"
EndProject
Global
	GlobalSection(SolutionConfigurationPlatforms) = preSolution
		Debug|Any CPU = Debug|Any CPU
		Release|Any CPU = Release|Any CPU
	EndGlobalSection
	GlobalSection(ProjectConfigurationPlatforms) = postSolution
		{08F630C5-A57B-4648-893C-CC41B5439B85}.Debug|Any CPU.ActiveCfg = Debug|Any CPU
		{08F630C5-A57B-4648-893C-CC41B5439B85}.Debug|Any CPU.Build.0 = Debug|Any CPU
		{08F630C5-A57B-4648-893C-CC41B5439B85}.Release|Any CPU.ActiveCfg = Release|Any CPU
		{08F630C5-A57B-4648-893C-CC41B5439B85}.Release|Any CPU.Build.0 = Release|Any CPU
	EndGlobalSection
	GlobalSection(SolutionProperties) = preSolution
		HideSolutionNode = FALSE
	EndGlobalSection
	GlobalSection(ExtensibilityGlobals) = postSolution
		SolutionGuid = {473BFFFE-DC2A-46E3-8C6C-2C6E211C808E}
	EndGlobalSection
EndGlobal
