
Microsoft Visual Studio Solution File, Format Version 12.00
# Visual Studio Version 17
VisualStudioVersion = 17.3.32819.101
MinimumVisualStudioVersion = 10.0.40219.1
Project("{FAE04EC0-301F-11D3-BF4B-00C04F79EFBC}") = "Area_Example", "Area_Example\Area_Example.csproj", "{3F5C8CCD-08F0-42AA-94FB-F3513EAB6744}"
EndProject
Global
	GlobalSection(SolutionConfigurationPlatforms) = preSolution
		Debug|Any CPU = Debug|Any CPU
		Release|Any CPU = Release|Any CPU
	EndGlobalSection
	GlobalSection(ProjectConfigurationPlatforms) = postSolution
		{3F5C8CCD-08F0-42AA-94FB-F3513EAB6744}.Debug|Any CPU.ActiveCfg = Debug|Any CPU
		{3F5C8CCD-08F0-42AA-94FB-F3513EAB6744}.Debug|Any CPU.Build.0 = Debug|Any CPU
		{3F5C8CCD-08F0-42AA-94FB-F3513EAB6744}.Release|Any CPU.ActiveCfg = Release|Any CPU
		{3F5C8CCD-08F0-42AA-94FB-F3513EAB6744}.Release|Any CPU.Build.0 = Release|Any CPU
	EndGlobalSection
	GlobalSection(SolutionProperties) = preSolution
		HideSolutionNode = FALSE
	EndGlobalSection
	GlobalSection(ExtensibilityGlobals) = postSolution
		SolutionGuid = {4C6DFE3E-B2A5-4BA3-A608-6050EADCA05E}
	EndGlobalSection
EndGlobal
