
Microsoft Visual Studio Solution File, Format Version 12.00
# Visual Studio Version 17
VisualStudioVersion = 17.3.32819.101
MinimumVisualStudioVersion = 10.0.40219.1
Project("{FAE04EC0-301F-11D3-BF4B-00C04F79EFBC}") = "WindowsFormsApp1", "WindowsFormsApp1\WindowsFormsApp1.csproj", "{B914546E-7E4B-4499-A046-5B62EA083493}"
EndProject
Project("{FAE04EC0-301F-11D3-BF4B-00C04F79EFBC}") = "ConsoleApp1", "ConsoleApp1\ConsoleApp1.csproj", "{577FECCC-FBAB-4BFA-91B6-CE1C497520A6}"
EndProject
Global
	GlobalSection(SolutionConfigurationPlatforms) = preSolution
		Debug|Any CPU = Debug|Any CPU
		Release|Any CPU = Release|Any CPU
	EndGlobalSection
	GlobalSection(ProjectConfigurationPlatforms) = postSolution
		{B914546E-7E4B-4499-A046-5B62EA083493}.Debug|Any CPU.ActiveCfg = Debug|Any CPU
		{B914546E-7E4B-4499-A046-5B62EA083493}.Debug|Any CPU.Build.0 = Debug|Any CPU
		{B914546E-7E4B-4499-A046-5B62EA083493}.Release|Any CPU.ActiveCfg = Release|Any CPU
		{B914546E-7E4B-4499-A046-5B62EA083493}.Release|Any CPU.Build.0 = Release|Any CPU
		{577FECCC-FBAB-4BFA-91B6-CE1C497520A6}.Debug|Any CPU.ActiveCfg = Debug|Any CPU
		{577FECCC-FBAB-4BFA-91B6-CE1C497520A6}.Debug|Any CPU.Build.0 = Debug|Any CPU
		{577FECCC-FBAB-4BFA-91B6-CE1C497520A6}.Release|Any CPU.ActiveCfg = Release|Any CPU
		{577FECCC-FBAB-4BFA-91B6-CE1C497520A6}.Release|Any CPU.Build.0 = Release|Any CPU
	EndGlobalSection
	GlobalSection(SolutionProperties) = preSolution
		HideSolutionNode = FALSE
	EndGlobalSection
	GlobalSection(ExtensibilityGlobals) = postSolution
		SolutionGuid = {6CED2C25-C5DC-49AA-9F54-398EA73788E0}
	EndGlobalSection
EndGlobal
