
Microsoft Visual Studio Solution File, Format Version 12.00
# Visual Studio Version 17
VisualStudioVersion = 17.1.32414.318
MinimumVisualStudioVersion = 10.0.40219.1
Project("{FAE04EC0-301F-11D3-BF4B-00C04F79EFBC}") = "FormApplications", "FormApplications\FormApplications.csproj", "{2705EB76-5D01-44B4-8209-65AFE8615BF3}"
EndProject
Project("{FAE04EC0-301F-11D3-BF4B-00C04F79EFBC}") = "HesapMakinesi", "HesapMakinesi\HesapMakinesi.csproj", "{73BDCEF4-0BA6-4E1A-9211-3A9B276AE204}"
EndProject
Project("{FAE04EC0-301F-11D3-BF4B-00C04F79EFBC}") = "Events", "Events\Events.csproj", "{02781B75-F1E3-4413-9F6A-3FD97D5E6C95}"
EndProject
Global
	GlobalSection(SolutionConfigurationPlatforms) = preSolution
		Debug|Any CPU = Debug|Any CPU
		Release|Any CPU = Release|Any CPU
	EndGlobalSection
	GlobalSection(ProjectConfigurationPlatforms) = postSolution
		{2705EB76-5D01-44B4-8209-65AFE8615BF3}.Debug|Any CPU.ActiveCfg = Debug|Any CPU
		{2705EB76-5D01-44B4-8209-65AFE8615BF3}.Debug|Any CPU.Build.0 = Debug|Any CPU
		{2705EB76-5D01-44B4-8209-65AFE8615BF3}.Release|Any CPU.ActiveCfg = Release|Any CPU
		{2705EB76-5D01-44B4-8209-65AFE8615BF3}.Release|Any CPU.Build.0 = Release|Any CPU
		{73BDCEF4-0BA6-4E1A-9211-3A9B276AE204}.Debug|Any CPU.ActiveCfg = Debug|Any CPU
		{73BDCEF4-0BA6-4E1A-9211-3A9B276AE204}.Debug|Any CPU.Build.0 = Debug|Any CPU
		{73BDCEF4-0BA6-4E1A-9211-3A9B276AE204}.Release|Any CPU.ActiveCfg = Release|Any CPU
		{73BDCEF4-0BA6-4E1A-9211-3A9B276AE204}.Release|Any CPU.Build.0 = Release|Any CPU
		{02781B75-F1E3-4413-9F6A-3FD97D5E6C95}.Debug|Any CPU.ActiveCfg = Debug|Any CPU
		{02781B75-F1E3-4413-9F6A-3FD97D5E6C95}.Debug|Any CPU.Build.0 = Debug|Any CPU
		{02781B75-F1E3-4413-9F6A-3FD97D5E6C95}.Release|Any CPU.ActiveCfg = Release|Any CPU
		{02781B75-F1E3-4413-9F6A-3FD97D5E6C95}.Release|Any CPU.Build.0 = Release|Any CPU
	EndGlobalSection
	GlobalSection(SolutionProperties) = preSolution
		HideSolutionNode = FALSE
	EndGlobalSection
	GlobalSection(ExtensibilityGlobals) = postSolution
		SolutionGuid = {C6B00EF7-5ADF-417F-AC40-CD023CDD9CFF}
	EndGlobalSection
EndGlobal
