
Microsoft Visual Studio Solution File, Format Version 12.00
# Visual Studio Version 17
VisualStudioVersion = 17.3.32819.101
MinimumVisualStudioVersion = 10.0.40219.1
Project("{FAE04EC0-301F-11D3-BF4B-00C04F79EFBC}") = "MVC_Identity_.example", "MVC_Identity_.example\MVC_Identity_.example.csproj", "{50B56E25-6F99-474A-80AF-6ECDCA862676}"
EndProject
Global
	GlobalSection(SolutionConfigurationPlatforms) = preSolution
		Debug|Any CPU = Debug|Any CPU
		Release|Any CPU = Release|Any CPU
	EndGlobalSection
	GlobalSection(ProjectConfigurationPlatforms) = postSolution
		{50B56E25-6F99-474A-80AF-6ECDCA862676}.Debug|Any CPU.ActiveCfg = Debug|Any CPU
		{50B56E25-6F99-474A-80AF-6ECDCA862676}.Debug|Any CPU.Build.0 = Debug|Any CPU
		{50B56E25-6F99-474A-80AF-6ECDCA862676}.Release|Any CPU.ActiveCfg = Release|Any CPU
		{50B56E25-6F99-474A-80AF-6ECDCA862676}.Release|Any CPU.Build.0 = Release|Any CPU
	EndGlobalSection
	GlobalSection(SolutionProperties) = preSolution
		HideSolutionNode = FALSE
	EndGlobalSection
	GlobalSection(ExtensibilityGlobals) = postSolution
		SolutionGuid = {F1DD49D1-8266-4AB1-87A6-5FBBCF0D83AB}
	EndGlobalSection
EndGlobal
