
Microsoft Visual Studio Solution File, Format Version 12.00
# Visual Studio Version 17
VisualStudioVersion = 17.3.32819.101
MinimumVisualStudioVersion = 10.0.40219.1
Project("{FAE04EC0-301F-11D3-BF4B-00C04F79EFBC}") = "Ef_Relation_", "Ef_Relation_\Ef_Relation_.csproj", "{20923AA6-2663-480F-81B3-8A6F5CF4BF9F}"
EndProject
Global
	GlobalSection(SolutionConfigurationPlatforms) = preSolution
		Debug|Any CPU = Debug|Any CPU
		Release|Any CPU = Release|Any CPU
	EndGlobalSection
	GlobalSection(ProjectConfigurationPlatforms) = postSolution
		{20923AA6-2663-480F-81B3-8A6F5CF4BF9F}.Debug|Any CPU.ActiveCfg = Debug|Any CPU
		{20923AA6-2663-480F-81B3-8A6F5CF4BF9F}.Debug|Any CPU.Build.0 = Debug|Any CPU
		{20923AA6-2663-480F-81B3-8A6F5CF4BF9F}.Release|Any CPU.ActiveCfg = Release|Any CPU
		{20923AA6-2663-480F-81B3-8A6F5CF4BF9F}.Release|Any CPU.Build.0 = Release|Any CPU
	EndGlobalSection
	GlobalSection(SolutionProperties) = preSolution
		HideSolutionNode = FALSE
	EndGlobalSection
	GlobalSection(ExtensibilityGlobals) = postSolution
		SolutionGuid = {1C388085-9288-4939-B9FF-3080CDB1B965}
	EndGlobalSection
EndGlobal
