
Microsoft Visual Studio Solution File, Format Version 12.00
# Visual Studio Version 17
VisualStudioVersion = 17.3.32819.101
MinimumVisualStudioVersion = 10.0.40219.1
Project("{FAE04EC0-301F-11D3-BF4B-00C04F79EFBC}") = "EF_Core_Loading", "EF_Core_Loading\EF_Core_Loading.csproj", "{0243D555-B050-41AE-A968-74EACE293F31}"
EndProject
Global
	GlobalSection(SolutionConfigurationPlatforms) = preSolution
		Debug|Any CPU = Debug|Any CPU
		Release|Any CPU = Release|Any CPU
	EndGlobalSection
	GlobalSection(ProjectConfigurationPlatforms) = postSolution
		{0243D555-B050-41AE-A968-74EACE293F31}.Debug|Any CPU.ActiveCfg = Debug|Any CPU
		{0243D555-B050-41AE-A968-74EACE293F31}.Debug|Any CPU.Build.0 = Debug|Any CPU
		{0243D555-B050-41AE-A968-74EACE293F31}.Release|Any CPU.ActiveCfg = Release|Any CPU
		{0243D555-B050-41AE-A968-74EACE293F31}.Release|Any CPU.Build.0 = Release|Any CPU
	EndGlobalSection
	GlobalSection(SolutionProperties) = preSolution
		HideSolutionNode = FALSE
	EndGlobalSection
	GlobalSection(ExtensibilityGlobals) = postSolution
		SolutionGuid = {466ECA8A-F999-451C-B7ED-9C1793860FFC}
	EndGlobalSection
EndGlobal
