
Microsoft Visual Studio Solution File, Format Version 12.00
# Visual Studio Version 17
VisualStudioVersion = 17.3.32819.101
MinimumVisualStudioVersion = 10.0.40219.1
Project("{FAE04EC0-301F-11D3-BF4B-00C04F79EFBC}") = "StockControlProject.Entities", "StockControlProject.Entities\StockControlProject.Entities.csproj", "{D25BBA44-741C-428A-8388-1D203D346668}"
EndProject
Project("{FAE04EC0-301F-11D3-BF4B-00C04F79EFBC}") = "StockControlProject.Repositories", "StockControlProject.Repositories\StockControlProject.Repositories.csproj", "{8E8745C5-8CDF-4840-B653-8260308C79F8}"
EndProject
Project("{FAE04EC0-301F-11D3-BF4B-00C04F79EFBC}") = "StockControlProject.Service", "StockControlProject.Service\StockControlProject.Service.csproj", "{B25697BF-7C51-4762-B7BC-40118B69FBF6}"
EndProject
Project("{FAE04EC0-301F-11D3-BF4B-00C04F79EFBC}") = "StockControlProject.API", "StockControlProject.API\StockControlProject.API.csproj", "{2B223F0D-C34D-4550-832E-218EAC2A2DB7}"
EndProject
Project("{FAE04EC0-301F-11D3-BF4B-00C04F79EFBC}") = "StockControlProject.UI", "StockControlProject.UI\StockControlProject.UI.csproj", "{1B941103-17C2-4D26-8156-CBC341AA5714}"
EndProject
Global
	GlobalSection(SolutionConfigurationPlatforms) = preSolution
		Debug|Any CPU = Debug|Any CPU
		Release|Any CPU = Release|Any CPU
	EndGlobalSection
	GlobalSection(ProjectConfigurationPlatforms) = postSolution
		{D25BBA44-741C-428A-8388-1D203D346668}.Debug|Any CPU.ActiveCfg = Debug|Any CPU
		{D25BBA44-741C-428A-8388-1D203D346668}.Debug|Any CPU.Build.0 = Debug|Any CPU
		{D25BBA44-741C-428A-8388-1D203D346668}.Release|Any CPU.ActiveCfg = Release|Any CPU
		{D25BBA44-741C-428A-8388-1D203D346668}.Release|Any CPU.Build.0 = Release|Any CPU
		{8E8745C5-8CDF-4840-B653-8260308C79F8}.Debug|Any CPU.ActiveCfg = Debug|Any CPU
		{8E8745C5-8CDF-4840-B653-8260308C79F8}.Debug|Any CPU.Build.0 = Debug|Any CPU
		{8E8745C5-8CDF-4840-B653-8260308C79F8}.Release|Any CPU.ActiveCfg = Release|Any CPU
		{8E8745C5-8CDF-4840-B653-8260308C79F8}.Release|Any CPU.Build.0 = Release|Any CPU
		{B25697BF-7C51-4762-B7BC-40118B69FBF6}.Debug|Any CPU.ActiveCfg = Debug|Any CPU
		{B25697BF-7C51-4762-B7BC-40118B69FBF6}.Debug|Any CPU.Build.0 = Debug|Any CPU
		{B25697BF-7C51-4762-B7BC-40118B69FBF6}.Release|Any CPU.ActiveCfg = Release|Any CPU
		{B25697BF-7C51-4762-B7BC-40118B69FBF6}.Release|Any CPU.Build.0 = Release|Any CPU
		{2B223F0D-C34D-4550-832E-218EAC2A2DB7}.Debug|Any CPU.ActiveCfg = Debug|Any CPU
		{2B223F0D-C34D-4550-832E-218EAC2A2DB7}.Debug|Any CPU.Build.0 = Debug|Any CPU
		{2B223F0D-C34D-4550-832E-218EAC2A2DB7}.Release|Any CPU.ActiveCfg = Release|Any CPU
		{2B223F0D-C34D-4550-832E-218EAC2A2DB7}.Release|Any CPU.Build.0 = Release|Any CPU
		{1B941103-17C2-4D26-8156-CBC341AA5714}.Debug|Any CPU.ActiveCfg = Debug|Any CPU
		{1B941103-17C2-4D26-8156-CBC341AA5714}.Debug|Any CPU.Build.0 = Debug|Any CPU
		{1B941103-17C2-4D26-8156-CBC341AA5714}.Release|Any CPU.ActiveCfg = Release|Any CPU
		{1B941103-17C2-4D26-8156-CBC341AA5714}.Release|Any CPU.Build.0 = Release|Any CPU
	EndGlobalSection
	GlobalSection(SolutionProperties) = preSolution
		HideSolutionNode = FALSE
	EndGlobalSection
	GlobalSection(ExtensibilityGlobals) = postSolution
		SolutionGuid = {B680E6E1-4BC0-4B16-9EB3-480A1708DAAE}
	EndGlobalSection
EndGlobal
